// !$*UTF8*$!
{
	archiveVersion = 1;
	classes = {
	};
	objectVersion = 46;
	objects = {

/* Begin PBXBuildFile section */
		27D314BCB743D442E3EF2307 /* Pods_FitnessHelper.framework in Frameworks */ = {isa = PBXBuildFile; fileRef = 2A7E26AD9C99F70F298433A6 /* Pods_FitnessHelper.framework */; };
		C206136F1E3E8D3900B90427 /* AdvertHeder.swift in Sources */ = {isa = PBXBuildFile; fileRef = C206136E1E3E8D3900B90427 /* AdvertHeder.swift */; };
		C21A577F1E2FFD3A005287E2 /* AdvertCollection.swift in Sources */ = {isa = PBXBuildFile; fileRef = C21A577E1E2FFD3A005287E2 /* AdvertCollection.swift */; };
		C22335161E2EA75E0093FE2B /* AllAdvertController.swift in Sources */ = {isa = PBXBuildFile; fileRef = C22335151E2EA75E0093FE2B /* AllAdvertController.swift */; };
		C22335181E2EB2230093FE2B /* AllAdvertCell.swift in Sources */ = {isa = PBXBuildFile; fileRef = C22335171E2EB2220093FE2B /* AllAdvertCell.swift */; };
		C2264FA51E2572EC0029D3ED /* MySelectMusculController.swift in Sources */ = {isa = PBXBuildFile; fileRef = C2264FA41E2572EC0029D3ED /* MySelectMusculController.swift */; };
		C2264FA71E25778C0029D3ED /* MySelectMusculCell.swift in Sources */ = {isa = PBXBuildFile; fileRef = C2264FA61E25778C0029D3ED /* MySelectMusculCell.swift */; };
		C231CEB81DEE1D0E00DEBED4 /* AppDelegate.swift in Sources */ = {isa = PBXBuildFile; fileRef = C231CEB71DEE1D0E00DEBED4 /* AppDelegate.swift */; };
		C231CEBA1DEE1D0E00DEBED4 /* ViewController.swift in Sources */ = {isa = PBXBuildFile; fileRef = C231CEB91DEE1D0E00DEBED4 /* ViewController.swift */; };
		C231CEBD1DEE1D0E00DEBED4 /* Main.storyboard in Resources */ = {isa = PBXBuildFile; fileRef = C231CEBB1DEE1D0E00DEBED4 /* Main.storyboard */; };
		C231CEC01DEE1D0E00DEBED4 /* FitnessHelper.xcdatamodeld in Sources */ = {isa = PBXBuildFile; fileRef = C231CEBE1DEE1D0E00DEBED4 /* FitnessHelper.xcdatamodeld */; };
		C231CEC21DEE1D0E00DEBED4 /* Assets.xcassets in Resources */ = {isa = PBXBuildFile; fileRef = C231CEC11DEE1D0E00DEBED4 /* Assets.xcassets */; };
		C231CEC51DEE1D0E00DEBED4 /* LaunchScreen.storyboard in Resources */ = {isa = PBXBuildFile; fileRef = C231CEC31DEE1D0E00DEBED4 /* LaunchScreen.storyboard */; };
		C231F72E1E0EF51900FBF876 /* MyProgramController.swift in Sources */ = {isa = PBXBuildFile; fileRef = C231F72D1E0EF51900FBF876 /* MyProgramController.swift */; };
		C2357CE11E2B9854005B6610 /* MyRepetitionController.swift in Sources */ = {isa = PBXBuildFile; fileRef = C2357CE01E2B9854005B6610 /* MyRepetitionController.swift */; };
		C2357CE31E2B998D005B6610 /* MyRepetCell.swift in Sources */ = {isa = PBXBuildFile; fileRef = C2357CE21E2B998D005B6610 /* MyRepetCell.swift */; };
		C23EBB7A1E1BE5E600B958A0 /* MyProgramCell.swift in Sources */ = {isa = PBXBuildFile; fileRef = C23EBB791E1BE5E600B958A0 /* MyProgramCell.swift */; };
		C293F4981E36687200B574E8 /* TestController.swift in Sources */ = {isa = PBXBuildFile; fileRef = C293F4971E36687200B574E8 /* TestController.swift */; };
		C29745881E05641E00FE0E82 /* Info.swift in Sources */ = {isa = PBXBuildFile; fileRef = C29745871E05641E00FE0E82 /* Info.swift */; };
		C297458A1E05A6D900FE0E82 /* InfoTrainingController.swift in Sources */ = {isa = PBXBuildFile; fileRef = C29745891E05A6D900FE0E82 /* InfoTrainingController.swift */; };
		C297458C1E05C1E600FE0E82 /* InfoReusableHeder.swift in Sources */ = {isa = PBXBuildFile; fileRef = C297458B1E05C1E600FE0E82 /* InfoReusableHeder.swift */; };
		C2998B841E2D21D000B47092 /* Realm.framework in Frameworks */ = {isa = PBXBuildFile; fileRef = C2998B821E2D21D000B47092 /* Realm.framework */; };
		C2998B851E2D21D000B47092 /* RealmSwift.framework in Frameworks */ = {isa = PBXBuildFile; fileRef = C2998B831E2D21D000B47092 /* RealmSwift.framework */; };
		C2998B871E2D239300B47092 /* File.swift in Sources */ = {isa = PBXBuildFile; fileRef = C2998B861E2D239300B47092 /* File.swift */; };
		C29ADD6C1E2D621600BBC3EC /* SelectVariatController.swift in Sources */ = {isa = PBXBuildFile; fileRef = C29ADD6B1E2D621600BBC3EC /* SelectVariatController.swift */; };
		C2A144A21E33F8DC00F6EC78 /* fon.jpg in Resources */ = {isa = PBXBuildFile; fileRef = C2A144A11E33F8DC00F6EC78 /* fon.jpg */; };
		C2A144A41E34021A00F6EC78 /* fonMin.jpg in Resources */ = {isa = PBXBuildFile; fileRef = C2A144A31E34021A00F6EC78 /* fonMin.jpg */; };
		C2B6A8C11DFF3A5200593DA4 /* ListTrainingController.swift in Sources */ = {isa = PBXBuildFile; fileRef = C2B6A8C01DFF3A5100593DA4 /* ListTrainingController.swift */; };
		C2C556A11E50C3970062EDE6 /* Category.swift in Sources */ = {isa = PBXBuildFile; fileRef = C2C556A01E50C3970062EDE6 /* Category.swift */; };
		C2C556A31E50C4190062EDE6 /* Muscules.swift in Sources */ = {isa = PBXBuildFile; fileRef = C2C556A21E50C4190062EDE6 /* Muscules.swift */; };
		C2CA29B81E3608AF008708CD /* ListTrainingCell.swift in Sources */ = {isa = PBXBuildFile; fileRef = C2CA29B71E3608AF008708CD /* ListTrainingCell.swift */; };
		C2CBFD681E3A76B1007EF7D2 /* fon2.jpg in Resources */ = {isa = PBXBuildFile; fileRef = C2CBFD651E3A76B1007EF7D2 /* fon2.jpg */; };
		C2CBFD691E3A76B1007EF7D2 /* fon3.jpg in Resources */ = {isa = PBXBuildFile; fileRef = C2CBFD661E3A76B1007EF7D2 /* fon3.jpg */; };
		C2CBFD6A1E3A76B1007EF7D2 /* fon4.jpg in Resources */ = {isa = PBXBuildFile; fileRef = C2CBFD671E3A76B1007EF7D2 /* fon4.jpg */; };
		C2D846B41E31490400303FA7 /* CreatAdvertCollection.swift in Sources */ = {isa = PBXBuildFile; fileRef = C2D846B31E31490400303FA7 /* CreatAdvertCollection.swift */; };
		C2D846B61E314BCB00303FA7 /* CreatAdvertCell.swift in Sources */ = {isa = PBXBuildFile; fileRef = C2D846B51E314BCB00303FA7 /* CreatAdvertCell.swift */; };
		C2D846B81E314E3E00303FA7 /* CreatAdvertHeder.swift in Sources */ = {isa = PBXBuildFile; fileRef = C2D846B71E314E3E00303FA7 /* CreatAdvertHeder.swift */; };
		C2DE98271E09A56700AD43F9 /* ListMusculesController.swift in Sources */ = {isa = PBXBuildFile; fileRef = C2DE98261E09A56600AD43F9 /* ListMusculesController.swift */; };
		C2E117921DFDE41B00C9783D /* HomeCollectionCell.swift in Sources */ = {isa = PBXBuildFile; fileRef = C2E117911DFDE41B00C9783D /* HomeCollectionCell.swift */; };
		C2E325FF1E3F556E0094F3A7 /* SelectVariatCell.swift in Sources */ = {isa = PBXBuildFile; fileRef = C2E325FE1E3F556E0094F3A7 /* SelectVariatCell.swift */; };
		C2E326011E3F691F0094F3A7 /* AuthorizationController.swift in Sources */ = {isa = PBXBuildFile; fileRef = C2E326001E3F691E0094F3A7 /* AuthorizationController.swift */; };
		C2E326031E3F73400094F3A7 /* MyAdvertCollection.swift in Sources */ = {isa = PBXBuildFile; fileRef = C2E326021E3F73400094F3A7 /* MyAdvertCollection.swift */; };
		C2E326051E3F7F860094F3A7 /* AdvertCell.swift in Sources */ = {isa = PBXBuildFile; fileRef = C2E326041E3F7F860094F3A7 /* AdvertCell.swift */; };
		C2E7975D1E01E378001055EB /* TrainingCell.swift in Sources */ = {isa = PBXBuildFile; fileRef = C2E7975C1E01E378001055EB /* TrainingCell.swift */; };
		C2EECACE1E4F4058007BB87E /* RealmFile.swift in Sources */ = {isa = PBXBuildFile; fileRef = C2EECACD1E4F4058007BB87E /* RealmFile.swift */; };
/* End PBXBuildFile section */

/* Begin PBXFileReference section */
		053AE2BF872D17544A476CCE /* Pods-FitnessHelper.debug.xcconfig */ = {isa = PBXFileReference; includeInIndex = 1; lastKnownFileType = text.xcconfig; name = "Pods-FitnessHelper.debug.xcconfig"; path = "Pods/Target Support Files/Pods-FitnessHelper/Pods-FitnessHelper.debug.xcconfig"; sourceTree = "<group>"; };
		2A7E26AD9C99F70F298433A6 /* Pods_FitnessHelper.framework */ = {isa = PBXFileReference; explicitFileType = wrapper.framework; includeInIndex = 0; path = Pods_FitnessHelper.framework; sourceTree = BUILT_PRODUCTS_DIR; };
		9AC8A48DEDB2E6B805153AE0 /* Pods-FitnessHelper.release.xcconfig */ = {isa = PBXFileReference; includeInIndex = 1; lastKnownFileType = text.xcconfig; name = "Pods-FitnessHelper.release.xcconfig"; path = "Pods/Target Support Files/Pods-FitnessHelper/Pods-FitnessHelper.release.xcconfig"; sourceTree = "<group>"; };
		C206136E1E3E8D3900B90427 /* AdvertHeder.swift */ = {isa = PBXFileReference; fileEncoding = 4; lastKnownFileType = sourcecode.swift; path = AdvertHeder.swift; sourceTree = "<group>"; };
		C21A577E1E2FFD3A005287E2 /* AdvertCollection.swift */ = {isa = PBXFileReference; fileEncoding = 4; lastKnownFileType = sourcecode.swift; path = AdvertCollection.swift; sourceTree = "<group>"; };
		C22335151E2EA75E0093FE2B /* AllAdvertController.swift */ = {isa = PBXFileReference; fileEncoding = 4; lastKnownFileType = sourcecode.swift; path = AllAdvertController.swift; sourceTree = "<group>"; };
		C22335171E2EB2220093FE2B /* AllAdvertCell.swift */ = {isa = PBXFileReference; fileEncoding = 4; lastKnownFileType = sourcecode.swift; path = AllAdvertCell.swift; sourceTree = "<group>"; };
		C2264FA41E2572EC0029D3ED /* MySelectMusculController.swift */ = {isa = PBXFileReference; fileEncoding = 4; lastKnownFileType = sourcecode.swift; path = MySelectMusculController.swift; sourceTree = "<group>"; };
		C2264FA61E25778C0029D3ED /* MySelectMusculCell.swift */ = {isa = PBXFileReference; fileEncoding = 4; lastKnownFileType = sourcecode.swift; path = MySelectMusculCell.swift; sourceTree = "<group>"; };
		C231CEB41DEE1D0E00DEBED4 /* FitnessHelper.app */ = {isa = PBXFileReference; explicitFileType = wrapper.application; includeInIndex = 0; path = FitnessHelper.app; sourceTree = BUILT_PRODUCTS_DIR; };
		C231CEB71DEE1D0E00DEBED4 /* AppDelegate.swift */ = {isa = PBXFileReference; lastKnownFileType = sourcecode.swift; path = AppDelegate.swift; sourceTree = "<group>"; };
		C231CEB91DEE1D0E00DEBED4 /* ViewController.swift */ = {isa = PBXFileReference; lastKnownFileType = sourcecode.swift; path = ViewController.swift; sourceTree = "<group>"; };
		C231CEBC1DEE1D0E00DEBED4 /* Base */ = {isa = PBXFileReference; lastKnownFileType = file.storyboard; name = Base; path = Base.lproj/Main.storyboard; sourceTree = "<group>"; };
		C231CEBF1DEE1D0E00DEBED4 /* FitnessHelper.xcdatamodel */ = {isa = PBXFileReference; lastKnownFileType = wrapper.xcdatamodel; path = FitnessHelper.xcdatamodel; sourceTree = "<group>"; };
		C231CEC11DEE1D0E00DEBED4 /* Assets.xcassets */ = {isa = PBXFileReference; lastKnownFileType = folder.assetcatalog; path = Assets.xcassets; sourceTree = "<group>"; };
		C231CEC41DEE1D0E00DEBED4 /* Base */ = {isa = PBXFileReference; lastKnownFileType = file.storyboard; name = Base; path = Base.lproj/LaunchScreen.storyboard; sourceTree = "<group>"; };
		C231CEC61DEE1D0E00DEBED4 /* Info.plist */ = {isa = PBXFileReference; lastKnownFileType = text.plist.xml; path = Info.plist; sourceTree = "<group>"; };
		C231F72D1E0EF51900FBF876 /* MyProgramController.swift */ = {isa = PBXFileReference; fileEncoding = 4; lastKnownFileType = sourcecode.swift; path = MyProgramController.swift; sourceTree = "<group>"; };
		C2357CE01E2B9854005B6610 /* MyRepetitionController.swift */ = {isa = PBXFileReference; fileEncoding = 4; lastKnownFileType = sourcecode.swift; path = MyRepetitionController.swift; sourceTree = "<group>"; };
		C2357CE21E2B998D005B6610 /* MyRepetCell.swift */ = {isa = PBXFileReference; fileEncoding = 4; lastKnownFileType = sourcecode.swift; path = MyRepetCell.swift; sourceTree = "<group>"; };
		C23EBB791E1BE5E600B958A0 /* MyProgramCell.swift */ = {isa = PBXFileReference; fileEncoding = 4; lastKnownFileType = sourcecode.swift; path = MyProgramCell.swift; sourceTree = "<group>"; };
		C293F4971E36687200B574E8 /* TestController.swift */ = {isa = PBXFileReference; fileEncoding = 4; lastKnownFileType = sourcecode.swift; path = TestController.swift; sourceTree = "<group>"; };
		C29745871E05641E00FE0E82 /* Info.swift */ = {isa = PBXFileReference; fileEncoding = 4; lastKnownFileType = sourcecode.swift; path = Info.swift; sourceTree = "<group>"; };
		C29745891E05A6D900FE0E82 /* InfoTrainingController.swift */ = {isa = PBXFileReference; fileEncoding = 4; lastKnownFileType = sourcecode.swift; path = InfoTrainingController.swift; sourceTree = "<group>"; };
		C297458B1E05C1E600FE0E82 /* InfoReusableHeder.swift */ = {isa = PBXFileReference; fileEncoding = 4; lastKnownFileType = sourcecode.swift; path = InfoReusableHeder.swift; sourceTree = "<group>"; };
		C2998B821E2D21D000B47092 /* Realm.framework */ = {isa = PBXFileReference; lastKnownFileType = wrapper.framework; name = Realm.framework; path = "../../../Library/Developer/Xcode/DerivedData/FitnessHelper-bgaestszuuuxpqcnchhixjzmdqhd/Build/Products/Debug-iphonesimulator/Realm/Realm.framework"; sourceTree = "<group>"; };
		C2998B831E2D21D000B47092 /* RealmSwift.framework */ = {isa = PBXFileReference; lastKnownFileType = wrapper.framework; name = RealmSwift.framework; path = "Pods/../build/Debug-iphoneos/RealmSwift/RealmSwift.framework"; sourceTree = "<group>"; };
		C2998B861E2D239300B47092 /* File.swift */ = {isa = PBXFileReference; fileEncoding = 4; lastKnownFileType = sourcecode.swift; path = File.swift; sourceTree = "<group>"; };
		C29ADD6B1E2D621600BBC3EC /* SelectVariatController.swift */ = {isa = PBXFileReference; fileEncoding = 4; lastKnownFileType = sourcecode.swift; path = SelectVariatController.swift; sourceTree = "<group>"; };
		C2A144A11E33F8DC00F6EC78 /* fon.jpg */ = {isa = PBXFileReference; lastKnownFileType = image.jpeg; path = fon.jpg; sourceTree = "<group>"; };
		C2A144A31E34021A00F6EC78 /* fonMin.jpg */ = {isa = PBXFileReference; lastKnownFileType = image.jpeg; path = fonMin.jpg; sourceTree = "<group>"; };
		C2B6A8C01DFF3A5100593DA4 /* ListTrainingController.swift */ = {isa = PBXFileReference; fileEncoding = 4; lastKnownFileType = sourcecode.swift; path = ListTrainingController.swift; sourceTree = "<group>"; };
		C2C556A01E50C3970062EDE6 /* Category.swift */ = {isa = PBXFileReference; fileEncoding = 4; lastKnownFileType = sourcecode.swift; path = Category.swift; sourceTree = "<group>"; };
		C2C556A21E50C4190062EDE6 /* Muscules.swift */ = {isa = PBXFileReference; fileEncoding = 4; lastKnownFileType = sourcecode.swift; path = Muscules.swift; sourceTree = "<group>"; };
		C2CA29B71E3608AF008708CD /* ListTrainingCell.swift */ = {isa = PBXFileReference; fileEncoding = 4; lastKnownFileType = sourcecode.swift; path = ListTrainingCell.swift; sourceTree = "<group>"; };
		C2CBFD651E3A76B1007EF7D2 /* fon2.jpg */ = {isa = PBXFileReference; lastKnownFileType = image.jpeg; path = fon2.jpg; sourceTree = "<group>"; };
		C2CBFD661E3A76B1007EF7D2 /* fon3.jpg */ = {isa = PBXFileReference; lastKnownFileType = image.jpeg; path = fon3.jpg; sourceTree = "<group>"; };
		C2CBFD671E3A76B1007EF7D2 /* fon4.jpg */ = {isa = PBXFileReference; lastKnownFileType = image.jpeg; path = fon4.jpg; sourceTree = "<group>"; };
		C2D846B31E31490400303FA7 /* CreatAdvertCollection.swift */ = {isa = PBXFileReference; fileEncoding = 4; lastKnownFileType = sourcecode.swift; path = CreatAdvertCollection.swift; sourceTree = "<group>"; };
		C2D846B51E314BCB00303FA7 /* CreatAdvertCell.swift */ = {isa = PBXFileReference; fileEncoding = 4; lastKnownFileType = sourcecode.swift; path = CreatAdvertCell.swift; sourceTree = "<group>"; };
		C2D846B71E314E3E00303FA7 /* CreatAdvertHeder.swift */ = {isa = PBXFileReference; fileEncoding = 4; lastKnownFileType = sourcecode.swift; path = CreatAdvertHeder.swift; sourceTree = "<group>"; };
		C2DE98261E09A56600AD43F9 /* ListMusculesController.swift */ = {isa = PBXFileReference; fileEncoding = 4; lastKnownFileType = sourcecode.swift; path = ListMusculesController.swift; sourceTree = "<group>"; };
		C2E117911DFDE41B00C9783D /* HomeCollectionCell.swift */ = {isa = PBXFileReference; fileEncoding = 4; lastKnownFileType = sourcecode.swift; path = HomeCollectionCell.swift; sourceTree = "<group>"; };
		C2E325FE1E3F556E0094F3A7 /* SelectVariatCell.swift */ = {isa = PBXFileReference; fileEncoding = 4; lastKnownFileType = sourcecode.swift; path = SelectVariatCell.swift; sourceTree = "<group>"; };
		C2E326001E3F691E0094F3A7 /* AuthorizationController.swift */ = {isa = PBXFileReference; fileEncoding = 4; lastKnownFileType = sourcecode.swift; path = AuthorizationController.swift; sourceTree = "<group>"; };
		C2E326021E3F73400094F3A7 /* MyAdvertCollection.swift */ = {isa = PBXFileReference; fileEncoding = 4; lastKnownFileType = sourcecode.swift; path = MyAdvertCollection.swift; sourceTree = "<group>"; };
		C2E326041E3F7F860094F3A7 /* AdvertCell.swift */ = {isa = PBXFileReference; fileEncoding = 4; lastKnownFileType = sourcecode.swift; path = AdvertCell.swift; sourceTree = "<group>"; };
		C2E7975C1E01E378001055EB /* TrainingCell.swift */ = {isa = PBXFileReference; fileEncoding = 4; lastKnownFileType = sourcecode.swift; path = TrainingCell.swift; sourceTree = "<group>"; };
		C2EECACD1E4F4058007BB87E /* RealmFile.swift */ = {isa = PBXFileReference; fileEncoding = 4; lastKnownFileType = sourcecode.swift; path = RealmFile.swift; sourceTree = "<group>"; };
/* End PBXFileReference section */

/* Begin PBXFrameworksBuildPhase section */
		C231CEB11DEE1D0E00DEBED4 /* Frameworks */ = {
			isa = PBXFrameworksBuildPhase;
			buildActionMask = 2147483647;
			files = (
				C2998B841E2D21D000B47092 /* Realm.framework in Frameworks */,
				C2998B851E2D21D000B47092 /* RealmSwift.framework in Frameworks */,
				27D314BCB743D442E3EF2307 /* Pods_FitnessHelper.framework in Frameworks */,
			);
			runOnlyForDeploymentPostprocessing = 0;
		};
/* End PBXFrameworksBuildPhase section */

/* Begin PBXGroup section */
		A63139C4C4A60B26A93B22A8 /* Pods */ = {
			isa = PBXGroup;
			children = (
				053AE2BF872D17544A476CCE /* Pods-FitnessHelper.debug.xcconfig */,
				9AC8A48DEDB2E6B805153AE0 /* Pods-FitnessHelper.release.xcconfig */,
			);
			name = Pods;
			sourceTree = "<group>";
		};
		AD32876138F312CC19C1B5C9 /* Frameworks */ = {
			isa = PBXGroup;
			children = (
				C2998B821E2D21D000B47092 /* Realm.framework */,
				C2998B831E2D21D000B47092 /* RealmSwift.framework */,
				2A7E26AD9C99F70F298433A6 /* Pods_FitnessHelper.framework */,
			);
			name = Frameworks;
			sourceTree = "<group>";
		};
		C231CEAB1DEE1D0D00DEBED4 = {
			isa = PBXGroup;
			children = (
				C231CEB61DEE1D0E00DEBED4 /* FitnessHelper */,
				C231CEB51DEE1D0E00DEBED4 /* Products */,
				A63139C4C4A60B26A93B22A8 /* Pods */,
				AD32876138F312CC19C1B5C9 /* Frameworks */,
			);
			sourceTree = "<group>";
		};
		C231CEB51DEE1D0E00DEBED4 /* Products */ = {
			isa = PBXGroup;
			children = (
				C231CEB41DEE1D0E00DEBED4 /* FitnessHelper.app */,
			);
			name = Products;
			sourceTree = "<group>";
		};
		C231CEB61DEE1D0E00DEBED4 /* FitnessHelper */ = {
			isa = PBXGroup;
			children = (
				C2EECACC1E4F4022007BB87E /* Realm */,
				C2A144A01E33F8B500F6EC78 /* Pic */,
				C2E7975B1E01E303001055EB /* Model */,
				C2E1178E1DFDE36D00C9783D /* Delegat */,
				C2E1178D1DFDE35700C9783D /* Controller */,
				C231CEBB1DEE1D0E00DEBED4 /* Main.storyboard */,
				C231CEC11DEE1D0E00DEBED4 /* Assets.xcassets */,
				C231CEC31DEE1D0E00DEBED4 /* LaunchScreen.storyboard */,
				C231CEC61DEE1D0E00DEBED4 /* Info.plist */,
				C231CEBE1DEE1D0E00DEBED4 /* FitnessHelper.xcdatamodeld */,
			);
			path = FitnessHelper;
			sourceTree = "<group>";
		};
		C2A144A01E33F8B500F6EC78 /* Pic */ = {
			isa = PBXGroup;
			children = (
				C2CBFD651E3A76B1007EF7D2 /* fon2.jpg */,
				C2CBFD661E3A76B1007EF7D2 /* fon3.jpg */,
				C2CBFD671E3A76B1007EF7D2 /* fon4.jpg */,
				C2A144A31E34021A00F6EC78 /* fonMin.jpg */,
				C2A144A11E33F8DC00F6EC78 /* fon.jpg */,
			);
			name = Pic;
			sourceTree = "<group>";
		};
		C2E1178D1DFDE35700C9783D /* Controller */ = {
			isa = PBXGroup;
			children = (
				C231CEB91DEE1D0E00DEBED4 /* ViewController.swift */,
				C2B6A8C01DFF3A5100593DA4 /* ListTrainingController.swift */,
				C2DE98261E09A56600AD43F9 /* ListMusculesController.swift */,
				C29745891E05A6D900FE0E82 /* InfoTrainingController.swift */,
				C231F72D1E0EF51900FBF876 /* MyProgramController.swift */,
				C2264FA41E2572EC0029D3ED /* MySelectMusculController.swift */,
				C2357CE01E2B9854005B6610 /* MyRepetitionController.swift */,
				C29ADD6B1E2D621600BBC3EC /* SelectVariatController.swift */,
				C22335151E2EA75E0093FE2B /* AllAdvertController.swift */,
				C21A577E1E2FFD3A005287E2 /* AdvertCollection.swift */,
				C2E326021E3F73400094F3A7 /* MyAdvertCollection.swift */,
				C2D846B31E31490400303FA7 /* CreatAdvertCollection.swift */,
				C2E326001E3F691E0094F3A7 /* AuthorizationController.swift */,
				C293F4971E36687200B574E8 /* TestController.swift */,
			);
			name = Controller;
			sourceTree = "<group>";
		};
		C2E1178E1DFDE36D00C9783D /* Delegat */ = {
			isa = PBXGroup;
			children = (
				C231CEB71DEE1D0E00DEBED4 /* AppDelegate.swift */,
			);
			name = Delegat;
			sourceTree = "<group>";
		};
		C2E7975B1E01E303001055EB /* Model */ = {
			isa = PBXGroup;
			children = (
				C29745871E05641E00FE0E82 /* Info.swift */,
				C2E117911DFDE41B00C9783D /* HomeCollectionCell.swift */,
				C2E325FE1E3F556E0094F3A7 /* SelectVariatCell.swift */,
				C2CA29B71E3608AF008708CD /* ListTrainingCell.swift */,
				C297458B1E05C1E600FE0E82 /* InfoReusableHeder.swift */,
				C2E7975C1E01E378001055EB /* TrainingCell.swift */,
				C23EBB791E1BE5E600B958A0 /* MyProgramCell.swift */,
				C2264FA61E25778C0029D3ED /* MySelectMusculCell.swift */,
				C2357CE21E2B998D005B6610 /* MyRepetCell.swift */,
				C22335171E2EB2220093FE2B /* AllAdvertCell.swift */,
				C206136E1E3E8D3900B90427 /* AdvertHeder.swift */,
				C2D846B51E314BCB00303FA7 /* CreatAdvertCell.swift */,
				C2D846B71E314E3E00303FA7 /* CreatAdvertHeder.swift */,
				C2E326041E3F7F860094F3A7 /* AdvertCell.swift */,
				C2998B861E2D239300B47092 /* File.swift */,
			);
			name = Model;
			sourceTree = "<group>";
		};
		C2EECACC1E4F4022007BB87E /* Realm */ = {
			isa = PBXGroup;
			children = (
				C2EECACD1E4F4058007BB87E /* RealmFile.swift */,
				C2C556A01E50C3970062EDE6 /* Category.swift */,
				C2C556A21E50C4190062EDE6 /* Muscules.swift */,
			);
			name = Realm;
			sourceTree = "<group>";
		};
/* End PBXGroup section */

/* Begin PBXNativeTarget section */
		C231CEB31DEE1D0E00DEBED4 /* FitnessHelper */ = {
			isa = PBXNativeTarget;
			buildConfigurationList = C231CEC91DEE1D0E00DEBED4 /* Build configuration list for PBXNativeTarget "FitnessHelper" */;
			buildPhases = (
				13ACF5B047BCE0EC79729EA5 /* [CP] Check Pods Manifest.lock */,
				C231CEB01DEE1D0E00DEBED4 /* Sources */,
				C231CEB11DEE1D0E00DEBED4 /* Frameworks */,
				C231CEB21DEE1D0E00DEBED4 /* Resources */,
				4F45D26B85EDCB1E13A3BF55 /* [CP] Embed Pods Frameworks */,
				C844FB9983AF0DA3A820275F /* [CP] Copy Pods Resources */,
			);
			buildRules = (
			);
			dependencies = (
			);
			name = FitnessHelper;
			productName = FitnessHelper;
			productReference = C231CEB41DEE1D0E00DEBED4 /* FitnessHelper.app */;
			productType = "com.apple.product-type.application";
		};
/* End PBXNativeTarget section */

/* Begin PBXProject section */
		C231CEAC1DEE1D0D00DEBED4 /* Project object */ = {
			isa = PBXProject;
			attributes = {
				LastSwiftUpdateCheck = 0810;
				LastUpgradeCheck = 0820;
				ORGANIZATIONNAME = AnsA;
				TargetAttributes = {
					C231CEB31DEE1D0E00DEBED4 = {
						CreatedOnToolsVersion = 8.1;
						ProvisioningStyle = Automatic;
					};
				};
			};
			buildConfigurationList = C231CEAF1DEE1D0E00DEBED4 /* Build configuration list for PBXProject "FitnessHelper" */;
			compatibilityVersion = "Xcode 3.2";
			developmentRegion = English;
			hasScannedForEncodings = 0;
			knownRegions = (
				en,
				Base,
			);
			mainGroup = C231CEAB1DEE1D0D00DEBED4;
			productRefGroup = C231CEB51DEE1D0E00DEBED4 /* Products */;
			projectDirPath = "";
			projectRoot = "";
			targets = (
				C231CEB31DEE1D0E00DEBED4 /* FitnessHelper */,
			);
		};
/* End PBXProject section */

/* Begin PBXResourcesBuildPhase section */
		C231CEB21DEE1D0E00DEBED4 /* Resources */ = {
			isa = PBXResourcesBuildPhase;
			buildActionMask = 2147483647;
			files = (
				C231CEC51DEE1D0E00DEBED4 /* LaunchScreen.storyboard in Resources */,
				C2A144A21E33F8DC00F6EC78 /* fon.jpg in Resources */,
				C231CEC21DEE1D0E00DEBED4 /* Assets.xcassets in Resources */,
				C231CEBD1DEE1D0E00DEBED4 /* Main.storyboard in Resources */,
				C2CBFD681E3A76B1007EF7D2 /* fon2.jpg in Resources */,
				C2CBFD691E3A76B1007EF7D2 /* fon3.jpg in Resources */,
				C2CBFD6A1E3A76B1007EF7D2 /* fon4.jpg in Resources */,
				C2A144A41E34021A00F6EC78 /* fonMin.jpg in Resources */,
			);
			runOnlyForDeploymentPostprocessing = 0;
		};
/* End PBXResourcesBuildPhase section */

/* Begin PBXShellScriptBuildPhase section */
		13ACF5B047BCE0EC79729EA5 /* [CP] Check Pods Manifest.lock */ = {
			isa = PBXShellScriptBuildPhase;
			buildActionMask = 2147483647;
			files = (
			);
			inputPaths = (
			);
			name = "[CP] Check Pods Manifest.lock";
			outputPaths = (
			);
			runOnlyForDeploymentPostprocessing = 0;
			shellPath = /bin/sh;
			shellScript = "diff \"${PODS_ROOT}/../Podfile.lock\" \"${PODS_ROOT}/Manifest.lock\" > /dev/null\nif [ $? != 0 ] ; then\n    # print error to STDERR\n    echo \"error: The sandbox is not in sync with the Podfile.lock. Run 'pod install' or update your CocoaPods installation.\" >&2\n    exit 1\nfi\n";
			showEnvVarsInLog = 0;
		};
		4F45D26B85EDCB1E13A3BF55 /* [CP] Embed Pods Frameworks */ = {
			isa = PBXShellScriptBuildPhase;
			buildActionMask = 2147483647;
			files = (
			);
			inputPaths = (
			);
			name = "[CP] Embed Pods Frameworks";
			outputPaths = (
			);
			runOnlyForDeploymentPostprocessing = 0;
			shellPath = /bin/sh;
			shellScript = "\"${SRCROOT}/Pods/Target Support Files/Pods-FitnessHelper/Pods-FitnessHelper-frameworks.sh\"\n";
			showEnvVarsInLog = 0;
		};
		C844FB9983AF0DA3A820275F /* [CP] Copy Pods Resources */ = {
			isa = PBXShellScriptBuildPhase;
			buildActionMask = 2147483647;
			files = (
			);
			inputPaths = (
			);
			name = "[CP] Copy Pods Resources";
			outputPaths = (
			);
			runOnlyForDeploymentPostprocessing = 0;
			shellPath = /bin/sh;
			shellScript = "\"${SRCROOT}/Pods/Target Support Files/Pods-FitnessHelper/Pods-FitnessHelper-resources.sh\"\n";
			showEnvVarsInLog = 0;
		};
/* End PBXShellScriptBuildPhase section */

/* Begin PBXSourcesBuildPhase section */
		C231CEB01DEE1D0E00DEBED4 /* Sources */ = {
			isa = PBXSourcesBuildPhase;
			buildActionMask = 2147483647;
			files = (
				C2264FA71E25778C0029D3ED /* MySelectMusculCell.swift in Sources */,
				C22335181E2EB2230093FE2B /* AllAdvertCell.swift in Sources */,
				C2264FA51E2572EC0029D3ED /* MySelectMusculController.swift in Sources */,
				C2357CE31E2B998D005B6610 /* MyRepetCell.swift in Sources */,
				C22335161E2EA75E0093FE2B /* AllAdvertController.swift in Sources */,
				C2CA29B81E3608AF008708CD /* ListTrainingCell.swift in Sources */,
				C2357CE11E2B9854005B6610 /* MyRepetitionController.swift in Sources */,
				C23EBB7A1E1BE5E600B958A0 /* MyProgramCell.swift in Sources */,
				C2E325FF1E3F556E0094F3A7 /* SelectVariatCell.swift in Sources */,
				C2DE98271E09A56700AD43F9 /* ListMusculesController.swift in Sources */,
				C2E117921DFDE41B00C9783D /* HomeCollectionCell.swift in Sources */,
				C2B6A8C11DFF3A5200593DA4 /* ListTrainingController.swift in Sources */,
				C231CEBA1DEE1D0E00DEBED4 /* ViewController.swift in Sources */,
				C297458A1E05A6D900FE0E82 /* InfoTrainingController.swift in Sources */,
				C2E7975D1E01E378001055EB /* TrainingCell.swift in Sources */,
				C2998B871E2D239300B47092 /* File.swift in Sources */,
				C2D846B81E314E3E00303FA7 /* CreatAdvertHeder.swift in Sources */,
				C29ADD6C1E2D621600BBC3EC /* SelectVariatController.swift in Sources */,
				C2C556A31E50C4190062EDE6 /* Muscules.swift in Sources */,
				C21A577F1E2FFD3A005287E2 /* AdvertCollection.swift in Sources */,
				C231F72E1E0EF51900FBF876 /* MyProgramController.swift in Sources */,
				C2D846B61E314BCB00303FA7 /* CreatAdvertCell.swift in Sources */,
				C2E326031E3F73400094F3A7 /* MyAdvertCollection.swift in Sources */,
				C297458C1E05C1E600FE0E82 /* InfoReusableHeder.swift in Sources */,
				C293F4981E36687200B574E8 /* TestController.swift in Sources */,
				C231CEB81DEE1D0E00DEBED4 /* AppDelegate.swift in Sources */,
				C2E326011E3F691F0094F3A7 /* AuthorizationController.swift in Sources */,
				C2D846B41E31490400303FA7 /* CreatAdvertCollection.swift in Sources */,
				C2EECACE1E4F4058007BB87E /* RealmFile.swift in Sources */,
				C206136F1E3E8D3900B90427 /* AdvertHeder.swift in Sources */,
				C231CEC01DEE1D0E00DEBED4 /* FitnessHelper.xcdatamodeld in Sources */,
				C29745881E05641E00FE0E82 /* Info.swift in Sources */,
				C2E326051E3F7F860094F3A7 /* AdvertCell.swift in Sources */,
				C2C556A11E50C3970062EDE6 /* Category.swift in Sources */,
			);
			runOnlyForDeploymentPostprocessing = 0;
		};
/* End PBXSourcesBuildPhase section */

/* Begin PBXVariantGroup section */
		C231CEBB1DEE1D0E00DEBED4 /* Main.storyboard */ = {
			isa = PBXVariantGroup;
			children = (
				C231CEBC1DEE1D0E00DEBED4 /* Base */,
			);
			name = Main.storyboard;
			sourceTree = "<group>";
		};
		C231CEC31DEE1D0E00DEBED4 /* LaunchScreen.storyboard */ = {
			isa = PBXVariantGroup;
			children = (
				C231CEC41DEE1D0E00DEBED4 /* Base */,
			);
			name = LaunchScreen.storyboard;
			sourceTree = "<group>";
		};
/* End PBXVariantGroup section */

/* Begin XCBuildConfiguration section */
		C231CEC71DEE1D0E00DEBED4 /* Debug */ = {
			isa = XCBuildConfiguration;
			buildSettings = {
				ALWAYS_SEARCH_USER_PATHS = NO;
				CLANG_ANALYZER_NONNULL = YES;
				CLANG_CXX_LANGUAGE_STANDARD = "gnu++0x";
				CLANG_CXX_LIBRARY = "libc++";
				CLANG_ENABLE_MODULES = YES;
				CLANG_ENABLE_OBJC_ARC = YES;
				CLANG_WARN_BOOL_CONVERSION = YES;
				CLANG_WARN_CONSTANT_CONVERSION = YES;
				CLANG_WARN_DIRECT_OBJC_ISA_USAGE = YES_ERROR;
				CLANG_WARN_DOCUMENTATION_COMMENTS = YES;
				CLANG_WARN_EMPTY_BODY = YES;
				CLANG_WARN_ENUM_CONVERSION = YES;
				CLANG_WARN_INFINITE_RECURSION = YES;
				CLANG_WARN_INT_CONVERSION = YES;
				CLANG_WARN_OBJC_ROOT_CLASS = YES_ERROR;
				CLANG_WARN_SUSPICIOUS_MOVE = YES;
				CLANG_WARN_SUSPICIOUS_MOVES = YES;
				CLANG_WARN_UNREACHABLE_CODE = YES;
				CLANG_WARN__DUPLICATE_METHOD_MATCH = YES;
				"CODE_SIGN_IDENTITY[sdk=iphoneos*]" = "iPhone Developer";
				COPY_PHASE_STRIP = NO;
				DEBUG_INFORMATION_FORMAT = dwarf;
				ENABLE_STRICT_OBJC_MSGSEND = YES;
				ENABLE_TESTABILITY = YES;
				GCC_C_LANGUAGE_STANDARD = gnu99;
				GCC_DYNAMIC_NO_PIC = NO;
				GCC_NO_COMMON_BLOCKS = YES;
				GCC_OPTIMIZATION_LEVEL = 0;
				GCC_PREPROCESSOR_DEFINITIONS = (
					"DEBUG=1",
					"$(inherited)",
				);
				GCC_WARN_64_TO_32_BIT_CONVERSION = YES;
				GCC_WARN_ABOUT_RETURN_TYPE = YES_ERROR;
				GCC_WARN_UNDECLARED_SELECTOR = YES;
				GCC_WARN_UNINITIALIZED_AUTOS = YES_AGGRESSIVE;
				GCC_WARN_UNUSED_FUNCTION = YES;
				GCC_WARN_UNUSED_VARIABLE = YES;
				IPHONEOS_DEPLOYMENT_TARGET = 10.1;
				MTL_ENABLE_DEBUG_INFO = YES;
				ONLY_ACTIVE_ARCH = YES;
				SDKROOT = iphoneos;
				SWIFT_ACTIVE_COMPILATION_CONDITIONS = DEBUG;
				SWIFT_OPTIMIZATION_LEVEL = "-Onone";
			};
			name = Debug;
		};
		C231CEC81DEE1D0E00DEBED4 /* Release */ = {
			isa = XCBuildConfiguration;
			buildSettings = {
				ALWAYS_SEARCH_USER_PATHS = NO;
				CLANG_ANALYZER_NONNULL = YES;
				CLANG_CXX_LANGUAGE_STANDARD = "gnu++0x";
				CLANG_CXX_LIBRARY = "libc++";
				CLANG_ENABLE_MODULES = YES;
				CLANG_ENABLE_OBJC_ARC = YES;
				CLANG_WARN_BOOL_CONVERSION = YES;
				CLANG_WARN_CONSTANT_CONVERSION = YES;
				CLANG_WARN_DIRECT_OBJC_ISA_USAGE = YES_ERROR;
				CLANG_WARN_DOCUMENTATION_COMMENTS = YES;
				CLANG_WARN_EMPTY_BODY = YES;
				CLANG_WARN_ENUM_CONVERSION = YES;
				CLANG_WARN_INFINITE_RECURSION = YES;
				CLANG_WARN_INT_CONVERSION = YES;
				CLANG_WARN_OBJC_ROOT_CLASS = YES_ERROR;
				CLANG_WARN_SUSPICIOUS_MOVE = YES;
				CLANG_WARN_SUSPICIOUS_MOVES = YES;
				CLANG_WARN_UNREACHABLE_CODE = YES;
				CLANG_WARN__DUPLICATE_METHOD_MATCH = YES;
				"CODE_SIGN_IDENTITY[sdk=iphoneos*]" = "iPhone Developer";
				COPY_PHASE_STRIP = NO;
				DEBUG_INFORMATION_FORMAT = "dwarf-with-dsym";
				ENABLE_NS_ASSERTIONS = NO;
				ENABLE_STRICT_OBJC_MSGSEND = YES;
				GCC_C_LANGUAGE_STANDARD = gnu99;
				GCC_NO_COMMON_BLOCKS = YES;
				GCC_WARN_64_TO_32_BIT_CONVERSION = YES;
				GCC_WARN_ABOUT_RETURN_TYPE = YES_ERROR;
				GCC_WARN_UNDECLARED_SELECTOR = YES;
				GCC_WARN_UNINITIALIZED_AUTOS = YES_AGGRESSIVE;
				GCC_WARN_UNUSED_FUNCTION = YES;
				GCC_WARN_UNUSED_VARIABLE = YES;
				IPHONEOS_DEPLOYMENT_TARGET = 10.1;
				MTL_ENABLE_DEBUG_INFO = NO;
				SDKROOT = iphoneos;
				SWIFT_OPTIMIZATION_LEVEL = "-Owholemodule";
				VALIDATE_PRODUCT = YES;
			};
			name = Release;
		};
		C231CECA1DEE1D0E00DEBED4 /* Debug */ = {
			isa = XCBuildConfiguration;
			baseConfigurationReference = 053AE2BF872D17544A476CCE /* Pods-FitnessHelper.debug.xcconfig */;
			buildSettings = {
				ALWAYS_EMBED_SWIFT_STANDARD_LIBRARIES = YES;
				ASSETCATALOG_COMPILER_APPICON_NAME = AppIcon;
				DEVELOPMENT_TEAM = "";
				FRAMEWORK_SEARCH_PATHS = (
					"$(inherited)",
					"$(PROJECT_DIR)/build/Debug-iphoneos/RealmSwift",
				);
				INFOPLIST_FILE = FitnessHelper/Info.plist;
				LD_RUNPATH_SEARCH_PATHS = "$(inherited) @executable_path/Frameworks";
				PRODUCT_BUNDLE_IDENTIFIER = com.AnsA.FitnessHelper;
				PRODUCT_NAME = "$(TARGET_NAME)";
				SWIFT_VERSION = 3.0;
			};
			name = Debug;
		};
		C231CECB1DEE1D0E00DEBED4 /* Release */ = {
			isa = XCBuildConfiguration;
			baseConfigurationReference = 9AC8A48DEDB2E6B805153AE0 /* Pods-FitnessHelper.release.xcconfig */;
			buildSettings = {
				ALWAYS_EMBED_SWIFT_STANDARD_LIBRARIES = YES;
				ASSETCATALOG_COMPILER_APPICON_NAME = AppIcon;
				DEVELOPMENT_TEAM = "";
				FRAMEWORK_SEARCH_PATHS = (
					"$(inherited)",
					"$(PROJECT_DIR)/build/Debug-iphoneos/RealmSwift",
				);
				INFOPLIST_FILE = FitnessHelper/Info.plist;
				LD_RUNPATH_SEARCH_PATHS = "$(inherited) @executable_path/Frameworks";
				PRODUCT_BUNDLE_IDENTIFIER = com.AnsA.FitnessHelper;
				PRODUCT_NAME = "$(TARGET_NAME)";
				SWIFT_VERSION = 3.0;
			};
			name = Release;
		};
/* End XCBuildConfiguration section */

/* Begin XCConfigurationList section */
		C231CEAF1DEE1D0E00DEBED4 /* Build configuration list for PBXProject "FitnessHelper" */ = {
			isa = XCConfigurationList;
			buildConfigurations = (
				C231CEC71DEE1D0E00DEBED4 /* Debug */,
				C231CEC81DEE1D0E00DEBED4 /* Release */,
			);
			defaultConfigurationIsVisible = 0;
			defaultConfigurationName = Release;
		};
		C231CEC91DEE1D0E00DEBED4 /* Build configuration list for PBXNativeTarget "FitnessHelper" */ = {
			isa = XCConfigurationList;
			buildConfigurations = (
				C231CECA1DEE1D0E00DEBED4 /* Debug */,
				C231CECB1DEE1D0E00DEBED4 /* Release */,
			);
			defaultConfigurationIsVisible = 0;
			defaultConfigurationName = Release;
		};
/* End XCConfigurationList section */

/* Begin XCVersionGroup section */
		C231CEBE1DEE1D0E00DEBED4 /* FitnessHelper.xcdatamodeld */ = {
			isa = XCVersionGroup;
			children = (
				C231CEBF1DEE1D0E00DEBED4 /* FitnessHelper.xcdatamodel */,
			);
			currentVersion = C231CEBF1DEE1D0E00DEBED4 /* FitnessHelper.xcdatamodel */;
			path = FitnessHelper.xcdatamodeld;
			sourceTree = "<group>";
			versionGroupType = wrapper.xcdatamodel;
		};
/* End XCVersionGroup section */
	};
	rootObject = C231CEAC1DEE1D0D00DEBED4 /* Project object */;
}
